Microsoft Visual Studio Solution File, Format Version 12.00
# Visual Studio Version 16
VisualStudioVersion = 16.0.29911.84
MinimumVisualStudioVersion = 15.0.26124.0
Project("{9A19103F-16F7-4668-BE54-9A1E7A4F7556}") = "Fizzler.Systems.HtmlAgilityPack", "src\Fizzler.Systems.HtmlAgilityPack.csproj", "{3A6AD3FC-CE4F-46F2-B80D-B9F2728A5FCC}"
EndProject
Project("{9A19103F-16F7-4668-BE54-9A1E7A4F7556}") = "Fizzler.Tests", "tests\Fizzler.Tests.csproj", "{73443B5F-4949-4C57-8CF4-E70BA9D6B5F4}"
EndProject
Project("{2150E333-8FDC-42A3-9474-1A3956D46DE8}") = "Solution Items", "Solution Items", "{8BEA9E7B-DC83-496F-8D65-0AEFF3DF6B3C}"
	ProjectSection(SolutionItems) = preProject
		.editorconfig = .editorconfig
		appveyor.yml = appveyor.yml
		build.cmd = build.cmd
		COPYING.txt = COPYING.txt
		global.json = global.json
		pack.cmd = pack.cmd
		README.md = README.md
		build.sh = build.sh
		pack.sh = pack.sh
		test.sh = test.sh
	EndProjectSection
EndProject
Global
	GlobalSection(SolutionConfigurationPlatforms) = preSolution
		Debug|Any CPU = Debug|Any CPU
		Debug|x64 = Debug|x64
		Debug|x86 = Debug|x86
		Release|Any CPU = Release|Any CPU
		Release|x64 = Release|x64
		Release|x86 = Release|x86
	EndGlobalSection
	GlobalSection(ProjectConfigurationPlatforms) = postSolution
		{3A6AD3FC-CE4F-46F2-B80D-B9F2728A5FCC}.Debug|Any CPU.ActiveCfg = Debug|Any CPU
		{3A6AD3FC-CE4F-46F2-B80D-B9F2728A5FCC}.Debug|Any CPU.Build.0 = Debug|Any CPU
		{3A6AD3FC-CE4F-46F2-B80D-B9F2728A5FCC}.Debug|x64.ActiveCfg = Debug|Any CPU
		{3A6AD3FC-CE4F-46F2-B80D-B9F2728A5FCC}.Debug|x64.Build.0 = Debug|Any CPU
		{3A6AD3FC-CE4F-46F2-B80D-B9F2728A5FCC}.Debug|x86.ActiveCfg = Debug|Any CPU
		{3A6AD3FC-CE4F-46F2-B80D-B9F2728A5FCC}.Debug|x86.Build.0 = Debug|Any CPU
		{3A6AD3FC-CE4F-46F2-B80D-B9F2728A5FCC}.Release|Any CPU.ActiveCfg = Release|Any CPU
		{3A6AD3FC-CE4F-46F2-B80D-B9F2728A5FCC}.Release|Any CPU.Build.0 = Release|Any CPU
		{3A6AD3FC-CE4F-46F2-B80D-B9F2728A5FCC}.Release|x64.ActiveCfg = Release|Any CPU
		{3A6AD3FC-CE4F-46F2-B80D-B9F2728A5FCC}.Release|x64.Build.0 = Release|Any CPU
		{3A6AD3FC-CE4F-46F2-B80D-B9F2728A5FCC}.Release|x86.ActiveCfg = Release|Any CPU
		{3A6AD3FC-CE4F-46F2-B80D-B9F2728A5FCC}.Release|x86.Build.0 = Release|Any CPU
		{73443B5F-4949-4C57-8CF4-E70BA9D6B5F4}.Debug|Any CPU.ActiveCfg = Debug|Any CPU
		{73443B5F-4949-4C57-8CF4-E70BA9D6B5F4}.Debug|Any CPU.Build.0 = Debug|Any CPU
		{73443B5F-4949-4C57-8CF4-E70BA9D6B5F4}.Debug|x64.ActiveCfg = Debug|Any CPU
		{73443B5F-4949-4C57-8CF4-E70BA9D6B5F4}.Debug|x64.Build.0 = Debug|Any CPU
		{73443B5F-4949-4C57-8CF4-E70BA9D6B5F4}.Debug|x86.ActiveCfg = Debug|Any CPU
		{73443B5F-4949-4C57-8CF4-E70BA9D6B5F4}.Debug|x86.Build.0 = Debug|Any CPU
		{73443B5F-4949-4C57-8CF4-E70BA9D6B5F4}.Release|Any CPU.ActiveCfg = Release|Any CPU
		{73443B5F-4949-4C57-8CF4-E70BA9D6B5F4}.Release|Any CPU.Build.0 = Release|Any CPU
		{73443B5F-4949-4C57-8CF4-E70BA9D6B5F4}.Release|x64.ActiveCfg = Release|Any CPU
		{73443B5F-4949-4C57-8CF4-E70BA9D6B5F4}.Release|x64.Build.0 = Release|Any CPU
		{73443B5F-4949-4C57-8CF4-E70BA9D6B5F4}.Release|x86.ActiveCfg = Release|Any CPU
		{73443B5F-4949-4C57-8CF4-E70BA9D6B5F4}.Release|x86.Build.0 = Release|Any CPU
	EndGlobalSection
	GlobalSection(SolutionProperties) = preSolution
		HideSolutionNode = FALSE
	EndGlobalSection
	GlobalSection(ExtensibilityGlobals) = postSolution
		SolutionGuid = {C5989CE1-3F36-43E0-9263-C5CA498ECA42}
	EndGlobalSection
EndGlobal
